
Microsoft Visual Studio Solution File, Format Version 12.00
# Visual Studio Version 17
VisualStudioVersion = 17.1.32228.430
MinimumVisualStudioVersion = 10.0.40219.1
Project("{FAE04EC0-301F-11D3-BF4B-00C04F79EFBC}") = "Homework 16-03", "Homework 16-03\Homework 16-03.csproj", "{156663E8-A37C-4F51-9485-1B5FB545D795}"
EndProject
Global
	GlobalSection(SolutionConfigurationPlatforms) = preSolution
		Debug|Any CPU = Debug|Any CPU
		Release|Any CPU = Release|Any CPU
	EndGlobalSection
	GlobalSection(ProjectConfigurationPlatforms) = postSolution
		{156663E8-A37C-4F51-9485-1B5FB545D795}.Debug|Any CPU.ActiveCfg = Debug|Any CPU
		{156663E8-A37C-4F51-9485-1B5FB545D795}.Debug|Any CPU.Build.0 = Debug|Any CPU
		{156663E8-A37C-4F51-9485-1B5FB545D795}.Release|Any CPU.ActiveCfg = Release|Any CPU
		{156663E8-A37C-4F51-9485-1B5FB545D795}.Release|Any CPU.Build.0 = Release|Any CPU
	EndGlobalSection
	GlobalSection(SolutionProperties) = preSolution
		HideSolutionNode = FALSE
	EndGlobalSection
	GlobalSection(ExtensibilityGlobals) = postSolution
		SolutionGuid = {5D109607-293D-4DE1-ADB4-ED8740CD2E4D}
	EndGlobalSection
EndGlobal
